
Microsoft Visual Studio Solution File, Format Version 11.00
# Visual Studio 2010
Project("{FAE04EC0-301F-11D3-BF4B-00C04F79EFBC}") = "ClinicalPortal", "ClinicalPortal\ClinicalPortal.csproj", "{B11E64F6-509D-45D0-B85D-ECA2FC4482DD}"
EndProject
Global
	GlobalSection(SolutionConfigurationPlatforms) = preSolution
		Debug|Any CPU = Debug|Any CPU
		Release|Any CPU = Release|Any CPU
	EndGlobalSection
	GlobalSection(ProjectConfigurationPlatforms) = postSolution
		{B11E64F6-509D-45D0-B85D-ECA2FC4482DD}.Debug|Any CPU.ActiveCfg = Debug|Any CPU
		{B11E64F6-509D-45D0-B85D-ECA2FC4482DD}.Debug|Any CPU.Build.0 = Debug|Any CPU
		{B11E64F6-509D-45D0-B85D-ECA2FC4482DD}.Release|Any CPU.ActiveCfg = Release|Any CPU
		{B11E64F6-509D-45D0-B85D-ECA2FC4482DD}.Release|Any CPU.Build.0 = Release|Any CPU
	EndGlobalSection
	GlobalSection(SolutionProperties) = preSolution
		HideSolutionNode = FALSE
	EndGlobalSection
EndGlobal
